
Microsoft Visual Studio Solution File, Format Version 12.00
# Visual Studio 15
VisualStudioVersion = 15.0.27703.2042
MinimumVisualStudioVersion = 10.0.40219.1
Project("{FAE04EC0-301F-11D3-BF4B-00C04F79EFBC}") = "GoogleFirebase", "GoogleFirebase.csproj", "{E367F852-2F43-4EF8-8247-9CE29A7129C8}"
EndProject
Global
	GlobalSection(SolutionConfigurationPlatforms) = preSolution
		Debug|Any CPU = Debug|Any CPU
		Release|Any CPU = Release|Any CPU
	EndGlobalSection
	GlobalSection(ProjectConfigurationPlatforms) = postSolution
		{E367F852-2F43-4EF8-8247-9CE29A7129C8}.Debug|Any CPU.ActiveCfg = Debug|Any CPU
		{E367F852-2F43-4EF8-8247-9CE29A7129C8}.Debug|Any CPU.Build.0 = Debug|Any CPU
		{E367F852-2F43-4EF8-8247-9CE29A7129C8}.Release|Any CPU.ActiveCfg = Release|Any CPU
		{E367F852-2F43-4EF8-8247-9CE29A7129C8}.Release|Any CPU.Build.0 = Release|Any CPU
	EndGlobalSection
	GlobalSection(SolutionProperties) = preSolution
		HideSolutionNode = FALSE
	EndGlobalSection
	GlobalSection(ExtensibilityGlobals) = postSolution
		SolutionGuid = {7FC84672-E02F-40FA-9FD2-D890621CAF38}
	EndGlobalSection
EndGlobal
